// !$*UTF8*$!
{
	archiveVersion = 1;
	classes = {
	};
	objectVersion = 48;
	objects = {

/* Begin PBXBuildFile section */
		0BB6CE81AE4DBFE2D5A8FB57 /* Pods_PMP.framework in Frameworks */ = {isa = PBXBuildFile; fileRef = 23D92A56D7E5B76FC7FF2371 /* Pods_PMP.framework */; };
		491BA5002128A81A0056CFD0 /* AppDelegate.swift in Sources */ = {isa = PBXBuildFile; fileRef = 491BA4FF2128A81A0056CFD0 /* AppDelegate.swift */; };
		491BA5022128A81A0056CFD0 /* ViewController.swift in Sources */ = {isa = PBXBuildFile; fileRef = 491BA5012128A81A0056CFD0 /* ViewController.swift */; };
		491BA5052128A81A0056CFD0 /* Main.storyboard in Resources */ = {isa = PBXBuildFile; fileRef = 491BA5032128A81A0056CFD0 /* Main.storyboard */; };
		491BA5072128A81A0056CFD0 /* Assets.xcassets in Resources */ = {isa = PBXBuildFile; fileRef = 491BA5062128A81A0056CFD0 /* Assets.xcassets */; };
		491BA50A2128A81A0056CFD0 /* LaunchScreen.storyboard in Resources */ = {isa = PBXBuildFile; fileRef = 491BA5082128A81A0056CFD0 /* LaunchScreen.storyboard */; };
		49B9719A2128B5D9000E5991 /* Gimbal.framework in Frameworks */ = {isa = PBXBuildFile; fileRef = 49B971992128B5D9000E5991 /* Gimbal.framework */; };
		49B9719C2128B5F3000E5991 /* Gimbal.framework in Embed Frameworks */ = {isa = PBXBuildFile; fileRef = 49B971992128B5D9000E5991 /* Gimbal.framework */; settings = {ATTRIBUTES = (CodeSignOnCopy, RemoveHeadersOnCopy, ); }; };
/* End PBXBuildFile section */

/* Begin PBXCopyFilesBuildPhase section */
		49B9719D2128B5F3000E5991 /* Embed Frameworks */ = {
			isa = PBXCopyFilesBuildPhase;
			buildActionMask = 2147483647;
			dstPath = "";
			dstSubfolderSpec = 10;
			files = (
				49B9719C2128B5F3000E5991 /* Gimbal.framework in Embed Frameworks */,
			);
			name = "Embed Frameworks";
			runOnlyForDeploymentPostprocessing = 0;
		};
/* End PBXCopyFilesBuildPhase section */

/* Begin PBXFileReference section */
		23D92A56D7E5B76FC7FF2371 /* Pods_PMP.framework */ = {isa = PBXFileReference; explicitFileType = wrapper.framework; includeInIndex = 0; path = Pods_PMP.framework; sourceTree = BUILT_PRODUCTS_DIR; };
		491BA4FC2128A81A0056CFD0 /* PMP.app */ = {isa = PBXFileReference; explicitFileType = wrapper.application; includeInIndex = 0; path = PMP.app; sourceTree = BUILT_PRODUCTS_DIR; };
		491BA4FF2128A81A0056CFD0 /* AppDelegate.swift */ = {isa = PBXFileReference; lastKnownFileType = sourcecode.swift; path = AppDelegate.swift; sourceTree = "<group>"; };
		491BA5012128A81A0056CFD0 /* ViewController.swift */ = {isa = PBXFileReference; lastKnownFileType = sourcecode.swift; path = ViewController.swift; sourceTree = "<group>"; };
		491BA5042128A81A0056CFD0 /* Base */ = {isa = PBXFileReference; lastKnownFileType = file.storyboard; name = Base; path = Base.lproj/Main.storyboard; sourceTree = "<group>"; };
		491BA5062128A81A0056CFD0 /* Assets.xcassets */ = {isa = PBXFileReference; lastKnownFileType = folder.assetcatalog; path = Assets.xcassets; sourceTree = "<group>"; };
		491BA5092128A81A0056CFD0 /* Base */ = {isa = PBXFileReference; lastKnownFileType = file.storyboard; name = Base; path = Base.lproj/LaunchScreen.storyboard; sourceTree = "<group>"; };
		491BA50B2128A81A0056CFD0 /* Info.plist */ = {isa = PBXFileReference; lastKnownFileType = text.plist.xml; path = Info.plist; sourceTree = "<group>"; };
		497BAAEC212C8D1B008700DD /* PMP.entitlements */ = {isa = PBXFileReference; lastKnownFileType = text.plist.entitlements; path = PMP.entitlements; sourceTree = "<group>"; };
		49B971992128B5D9000E5991 /* Gimbal.framework */ = {isa = PBXFileReference; lastKnownFileType = wrapper.framework; name = Gimbal.framework; path = Pods/Gimbal/Frameworks/Gimbal.framework; sourceTree = "<group>"; };
		543DDE592AE6E8584FF5407B /* Pods-PMP.release.xcconfig */ = {isa = PBXFileReference; includeInIndex = 1; lastKnownFileType = text.xcconfig; name = "Pods-PMP.release.xcconfig"; path = "Pods/Target Support Files/Pods-PMP/Pods-PMP.release.xcconfig"; sourceTree = "<group>"; };
		BF1F6C963142EDDDEAF4B361 /* Pods-PMP.debug.xcconfig */ = {isa = PBXFileReference; includeInIndex = 1; lastKnownFileType = text.xcconfig; name = "Pods-PMP.debug.xcconfig"; path = "Pods/Target Support Files/Pods-PMP/Pods-PMP.debug.xcconfig"; sourceTree = "<group>"; };
/* End PBXFileReference section */

/* Begin PBXFrameworksBuildPhase section */
		491BA4F92128A81A0056CFD0 /* Frameworks */ = {
			isa = PBXFrameworksBuildPhase;
			buildActionMask = 2147483647;
			files = (
				49B9719A2128B5D9000E5991 /* Gimbal.framework in Frameworks */,
				0BB6CE81AE4DBFE2D5A8FB57 /* Pods_PMP.framework in Frameworks */,
			);
			runOnlyForDeploymentPostprocessing = 0;
		};
/* End PBXFrameworksBuildPhase section */

/* Begin PBXGroup section */
		2C584F75C13AE8E39E86BDE7 /* Frameworks */ = {
			isa = PBXGroup;
			children = (
				49B971992128B5D9000E5991 /* Gimbal.framework */,
				23D92A56D7E5B76FC7FF2371 /* Pods_PMP.framework */,
			);
			name = Frameworks;
			sourceTree = "<group>";
		};
		491BA4F32128A81A0056CFD0 = {
			isa = PBXGroup;
			children = (
				491BA4FE2128A81A0056CFD0 /* PMP */,
				491BA4FD2128A81A0056CFD0 /* Products */,
				DDFEE44BF19D4609B36423CA /* Pods */,
				2C584F75C13AE8E39E86BDE7 /* Frameworks */,
			);
			sourceTree = "<group>";
		};
		491BA4FD2128A81A0056CFD0 /* Products */ = {
			isa = PBXGroup;
			children = (
				491BA4FC2128A81A0056CFD0 /* PMP.app */,
			);
			name = Products;
			sourceTree = "<group>";
		};
		491BA4FE2128A81A0056CFD0 /* PMP */ = {
			isa = PBXGroup;
			children = (
				497BAAEC212C8D1B008700DD /* PMP.entitlements */,
				491BA4FF2128A81A0056CFD0 /* AppDelegate.swift */,
				491BA5012128A81A0056CFD0 /* ViewController.swift */,
				491BA5032128A81A0056CFD0 /* Main.storyboard */,
				491BA5062128A81A0056CFD0 /* Assets.xcassets */,
				491BA5082128A81A0056CFD0 /* LaunchScreen.storyboard */,
				491BA50B2128A81A0056CFD0 /* Info.plist */,
			);
			path = PMP;
			sourceTree = "<group>";
		};
		DDFEE44BF19D4609B36423CA /* Pods */ = {
			isa = PBXGroup;
			children = (
				BF1F6C963142EDDDEAF4B361 /* Pods-PMP.debug.xcconfig */,
				543DDE592AE6E8584FF5407B /* Pods-PMP.release.xcconfig */,
			);
			name = Pods;
			sourceTree = "<group>";
		};
/* End PBXGroup section */

/* Begin PBXNativeTarget section */
		491BA4FB2128A81A0056CFD0 /* PMP */ = {
			isa = PBXNativeTarget;
			buildConfigurationList = 491BA50E2128A81A0056CFD0 /* Build configuration list for PBXNativeTarget "PMP" */;
			buildPhases = (
				890F87FD827A0CD299EE58F0 /* [CP] Check Pods Manifest.lock */,
				491BA4F82128A81A0056CFD0 /* Sources */,
				491BA4F92128A81A0056CFD0 /* Frameworks */,
				491BA4FA2128A81A0056CFD0 /* Resources */,
				B30ED2554E78ACF42523D28A /* [CP] Embed Pods Frameworks */,
				7693004D4A1FFE16E57EF4E2 /* [CP] Copy Pods Resources */,
				49B9719D2128B5F3000E5991 /* Embed Frameworks */,
			);
			buildRules = (
			);
			dependencies = (
			);
			name = PMP;
			productName = PMP;
			productReference = 491BA4FC2128A81A0056CFD0 /* PMP.app */;
			productType = "com.apple.product-type.application";
		};
/* End PBXNativeTarget section */

/* Begin PBXProject section */
		491BA4F42128A81A0056CFD0 /* Project object */ = {
			isa = PBXProject;
			attributes = {
				LastSwiftUpdateCheck = 0900;
				LastUpgradeCheck = 0900;
				ORGANIZATIONNAME = "Andrew Dennis";
				TargetAttributes = {
					491BA4FB2128A81A0056CFD0 = {
						CreatedOnToolsVersion = 9.0;
						ProvisioningStyle = Automatic;
						SystemCapabilities = {
							com.apple.Push = {
								enabled = 1;
							};
						};
					};
				};
			};
			buildConfigurationList = 491BA4F72128A81A0056CFD0 /* Build configuration list for PBXProject "PMP" */;
			compatibilityVersion = "Xcode 8.0";
			developmentRegion = en;
			hasScannedForEncodings = 0;
			knownRegions = (
				en,
				Base,
			);
			mainGroup = 491BA4F32128A81A0056CFD0;
			productRefGroup = 491BA4FD2128A81A0056CFD0 /* Products */;
			projectDirPath = "";
			projectRoot = "";
			targets = (
				491BA4FB2128A81A0056CFD0 /* PMP */,
			);
		};
/* End PBXProject section */

/* Begin PBXResourcesBuildPhase section */
		491BA4FA2128A81A0056CFD0 /* Resources */ = {
			isa = PBXResourcesBuildPhase;
			buildActionMask = 2147483647;
			files = (
				491BA50A2128A81A0056CFD0 /* LaunchScreen.storyboard in Resources */,
				491BA5072128A81A0056CFD0 /* Assets.xcassets in Resources */,
				491BA5052128A81A0056CFD0 /* Main.storyboard in Resources */,
			);
			runOnlyForDeploymentPostprocessing = 0;
		};
/* End PBXResourcesBuildPhase section */

/* Begin PBXShellScriptBuildPhase section */
		7693004D4A1FFE16E57EF4E2 /* [CP] Copy Pods Resources */ = {
			isa = PBXShellScriptBuildPhase;
			buildActionMask = 2147483647;
			files = (
			);
			inputPaths = (
			);
			name = "[CP] Copy Pods Resources";
			outputPaths = (
			);
			runOnlyForDeploymentPostprocessing = 0;
			shellPath = /bin/sh;
			shellScript = "\"${SRCROOT}/Pods/Target Support Files/Pods-PMP/Pods-PMP-resources.sh\"\n";
			showEnvVarsInLog = 0;
		};
		890F87FD827A0CD299EE58F0 /* [CP] Check Pods Manifest.lock */ = {
			isa = PBXShellScriptBuildPhase;
			buildActionMask = 2147483647;
			files = (
			);
			inputPaths = (
				"${PODS_PODFILE_DIR_PATH}/Podfile.lock",
				"${PODS_ROOT}/Manifest.lock",
			);
			name = "[CP] Check Pods Manifest.lock";
			outputPaths = (
				"$(DERIVED_FILE_DIR)/Pods-PMP-checkManifestLockResult.txt",
			);
			runOnlyForDeploymentPostprocessing = 0;
			shellPath = /bin/sh;
			shellScript = "diff \"${PODS_PODFILE_DIR_PATH}/Podfile.lock\" \"${PODS_ROOT}/Manifest.lock\" > /dev/null\nif [ $? != 0 ] ; then\n    # print error to STDERR\n    echo \"error: The sandbox is not in sync with the Podfile.lock. Run 'pod install' or update your CocoaPods installation.\" >&2\n    exit 1\nfi\n# This output is used by Xcode 'outputs' to avoid re-running this script phase.\necho \"SUCCESS\" > \"${SCRIPT_OUTPUT_FILE_0}\"\n";
			showEnvVarsInLog = 0;
		};
		B30ED2554E78ACF42523D28A /* [CP] Embed Pods Frameworks */ = {
			isa = PBXShellScriptBuildPhase;
			buildActionMask = 2147483647;
			files = (
			);
			inputPaths = (
				"${SRCROOT}/Pods/Target Support Files/Pods-PMP/Pods-PMP-frameworks.sh",
				"${PODS_ROOT}/Gimbal/Frameworks/Gimbal.framework",
			);
			name = "[CP] Embed Pods Frameworks";
			outputPaths = (
				"${TARGET_BUILD_DIR}/${FRAMEWORKS_FOLDER_PATH}/Gimbal.framework",
			);
			runOnlyForDeploymentPostprocessing = 0;
			shellPath = /bin/sh;
			shellScript = "\"${SRCROOT}/Pods/Target Support Files/Pods-PMP/Pods-PMP-frameworks.sh\"\n";
			showEnvVarsInLog = 0;
		};
/* End PBXShellScriptBuildPhase section */

/* Begin PBXSourcesBuildPhase section */
		491BA4F82128A81A0056CFD0 /* Sources */ = {
			isa = PBXSourcesBuildPhase;
			buildActionMask = 2147483647;
			files = (
				491BA5022128A81A0056CFD0 /* ViewController.swift in Sources */,
				491BA5002128A81A0056CFD0 /* AppDelegate.swift in Sources */,
			);
			runOnlyForDeploymentPostprocessing = 0;
		};
/* End PBXSourcesBuildPhase section */

/* Begin PBXVariantGroup section */
		491BA5032128A81A0056CFD0 /* Main.storyboard */ = {
			isa = PBXVariantGroup;
			children = (
				491BA5042128A81A0056CFD0 /* Base */,
			);
			name = Main.storyboard;
			sourceTree = "<group>";
		};
		491BA5082128A81A0056CFD0 /* LaunchScreen.storyboard */ = {
			isa = PBXVariantGroup;
			children = (
				491BA5092128A81A0056CFD0 /* Base */,
			);
			name = LaunchScreen.storyboard;
			sourceTree = "<group>";
		};
/* End PBXVariantGroup section */

/* Begin XCBuildConfiguration section */
		491BA50C2128A81A0056CFD0 /* Debug */ = {
			isa = XCBuildConfiguration;
			buildSettings = {
				ALWAYS_SEARCH_USER_PATHS = NO;
				CLANG_ANALYZER_NONNULL = YES;
				CLANG_ANALYZER_NUMBER_OBJECT_CONVERSION = YES_AGGRESSIVE;
				CLANG_CXX_LANGUAGE_STANDARD = "gnu++14";
				CLANG_CXX_LIBRARY = "libc++";
				CLANG_ENABLE_MODULES = YES;
				CLANG_ENABLE_OBJC_ARC = YES;
				CLANG_WARN_BLOCK_CAPTURE_AUTORELEASING = YES;
				CLANG_WARN_BOOL_CONVERSION = YES;
				CLANG_WARN_COMMA = YES;
				CLANG_WARN_CONSTANT_CONVERSION = YES;
				CLANG_WARN_DIRECT_OBJC_ISA_USAGE = YES_ERROR;
				CLANG_WARN_DOCUMENTATION_COMMENTS = YES;
				CLANG_WARN_EMPTY_BODY = YES;
				CLANG_WARN_ENUM_CONVERSION = YES;
				CLANG_WARN_INFINITE_RECURSION = YES;
				CLANG_WARN_INT_CONVERSION = YES;
				CLANG_WARN_NON_LITERAL_NULL_CONVERSION = YES;
				CLANG_WARN_OBJC_LITERAL_CONVERSION = YES;
				CLANG_WARN_OBJC_ROOT_CLASS = YES_ERROR;
				CLANG_WARN_RANGE_LOOP_ANALYSIS = YES;
				CLANG_WARN_STRICT_PROTOTYPES = YES;
				CLANG_WARN_SUSPICIOUS_MOVE = YES;
				CLANG_WARN_UNGUARDED_AVAILABILITY = YES_AGGRESSIVE;
				CLANG_WARN_UNREACHABLE_CODE = YES;
				CLANG_WARN__DUPLICATE_METHOD_MATCH = YES;
				CODE_SIGN_IDENTITY = "iPhone Developer";
				COPY_PHASE_STRIP = NO;
				DEBUG_INFORMATION_FORMAT = dwarf;
				ENABLE_STRICT_OBJC_MSGSEND = YES;
				ENABLE_TESTABILITY = YES;
				GCC_C_LANGUAGE_STANDARD = gnu11;
				GCC_DYNAMIC_NO_PIC = NO;
				GCC_NO_COMMON_BLOCKS = YES;
				GCC_OPTIMIZATION_LEVEL = 0;
				GCC_PREPROCESSOR_DEFINITIONS = (
					"DEBUG=1",
					"$(inherited)",
				);
				GCC_WARN_64_TO_32_BIT_CONVERSION = YES;
				GCC_WARN_ABOUT_RETURN_TYPE = YES_ERROR;
				GCC_WARN_UNDECLARED_SELECTOR = YES;
				GCC_WARN_UNINITIALIZED_AUTOS = YES_AGGRESSIVE;
				GCC_WARN_UNUSED_FUNCTION = YES;
				GCC_WARN_UNUSED_VARIABLE = YES;
				IPHONEOS_DEPLOYMENT_TARGET = 11.0;
				MTL_ENABLE_DEBUG_INFO = YES;
				ONLY_ACTIVE_ARCH = YES;
				SDKROOT = iphoneos;
				SWIFT_ACTIVE_COMPILATION_CONDITIONS = DEBUG;
				SWIFT_OPTIMIZATION_LEVEL = "-Onone";
			};
			name = Debug;
		};
		491BA50D2128A81A0056CFD0 /* Release */ = {
			isa = XCBuildConfiguration;
			buildSettings = {
				ALWAYS_SEARCH_USER_PATHS = NO;
				CLANG_ANALYZER_NONNULL = YES;
				CLANG_ANALYZER_NUMBER_OBJECT_CONVERSION = YES_AGGRESSIVE;
				CLANG_CXX_LANGUAGE_STANDARD = "gnu++14";
				CLANG_CXX_LIBRARY = "libc++";
				CLANG_ENABLE_MODULES = YES;
				CLANG_ENABLE_OBJC_ARC = YES;
				CLANG_WARN_BLOCK_CAPTURE_AUTORELEASING = YES;
				CLANG_WARN_BOOL_CONVERSION = YES;
				CLANG_WARN_COMMA = YES;
				CLANG_WARN_CONSTANT_CONVERSION = YES;
				CLANG_WARN_DIRECT_OBJC_ISA_USAGE = YES_ERROR;
				CLANG_WARN_DOCUMENTATION_COMMENTS = YES;
				CLANG_WARN_EMPTY_BODY = YES;
				CLANG_WARN_ENUM_CONVERSION = YES;
				CLANG_WARN_INFINITE_RECURSION = YES;
				CLANG_WARN_INT_CONVERSION = YES;
				CLANG_WARN_NON_LITERAL_NULL_CONVERSION = YES;
				CLANG_WARN_OBJC_LITERAL_CONVERSION = YES;
				CLANG_WARN_OBJC_ROOT_CLASS = YES_ERROR;
				CLANG_WARN_RANGE_LOOP_ANALYSIS = YES;
				CLANG_WARN_STRICT_PROTOTYPES = YES;
				CLANG_WARN_SUSPICIOUS_MOVE = YES;
				CLANG_WARN_UNGUARDED_AVAILABILITY = YES_AGGRESSIVE;
				CLANG_WARN_UNREACHABLE_CODE = YES;
				CLANG_WARN__DUPLICATE_METHOD_MATCH = YES;
				CODE_SIGN_IDENTITY = "iPhone Developer";
				COPY_PHASE_STRIP = NO;
				DEBUG_INFORMATION_FORMAT = "dwarf-with-dsym";
				ENABLE_NS_ASSERTIONS = NO;
				ENABLE_STRICT_OBJC_MSGSEND = YES;
				GCC_C_LANGUAGE_STANDARD = gnu11;
				GCC_NO_COMMON_BLOCKS = YES;
				GCC_WARN_64_TO_32_BIT_CONVERSION = YES;
				GCC_WARN_ABOUT_RETURN_TYPE = YES_ERROR;
				GCC_WARN_UNDECLARED_SELECTOR = YES;
				GCC_WARN_UNINITIALIZED_AUTOS = YES_AGGRESSIVE;
				GCC_WARN_UNUSED_FUNCTION = YES;
				GCC_WARN_UNUSED_VARIABLE = YES;
				IPHONEOS_DEPLOYMENT_TARGET = 11.0;
				MTL_ENABLE_DEBUG_INFO = NO;
				SDKROOT = iphoneos;
				SWIFT_OPTIMIZATION_LEVEL = "-Owholemodule";
				VALIDATE_PRODUCT = YES;
			};
			name = Release;
		};
		491BA50F2128A81A0056CFD0 /* Debug */ = {
			isa = XCBuildConfiguration;
			baseConfigurationReference = BF1F6C963142EDDDEAF4B361 /* Pods-PMP.debug.xcconfig */;
			buildSettings = {
				ASSETCATALOG_COMPILER_APPICON_NAME = AppIcon;
				CODE_SIGN_ENTITLEMENTS = PMP/PMP.entitlements;
				CODE_SIGN_STYLE = Automatic;
				DEVELOPMENT_TEAM = 486ZW4P3W3;
				FRAMEWORK_SEARCH_PATHS = (
					"$(inherited)",
					"$(PROJECT_DIR)/Pods/Gimbal/Frameworks",
				);
				INFOPLIST_FILE = PMP/Info.plist;
				LD_RUNPATH_SEARCH_PATHS = "$(inherited) @executable_path/Frameworks";
				PRODUCT_BUNDLE_IDENTIFIER = adennis.PMP;
				PRODUCT_NAME = "$(TARGET_NAME)";
				SWIFT_VERSION = 4.0;
				TARGETED_DEVICE_FAMILY = "1,2";
			};
			name = Debug;
		};
		491BA5102128A81A0056CFD0 /* Release */ = {
			isa = XCBuildConfiguration;
			baseConfigurationReference = 543DDE592AE6E8584FF5407B /* Pods-PMP.release.xcconfig */;
			buildSettings = {
				ASSETCATALOG_COMPILER_APPICON_NAME = AppIcon;
				CODE_SIGN_ENTITLEMENTS = PMP/PMP.entitlements;
				CODE_SIGN_STYLE = Automatic;
				DEVELOPMENT_TEAM = 486ZW4P3W3;
				FRAMEWORK_SEARCH_PATHS = (
					"$(inherited)",
					"$(PROJECT_DIR)/Pods/Gimbal/Frameworks",
				);
				INFOPLIST_FILE = PMP/Info.plist;
				LD_RUNPATH_SEARCH_PATHS = "$(inherited) @executable_path/Frameworks";
				PRODUCT_BUNDLE_IDENTIFIER = adennis.PMP;
				PRODUCT_NAME = "$(TARGET_NAME)";
				SWIFT_VERSION = 4.0;
				TARGETED_DEVICE_FAMILY = "1,2";
			};
			name = Release;
		};
/* End XCBuildConfiguration section */

/* Begin XCConfigurationList section */
		491BA4F72128A81A0056CFD0 /* Build configuration list for PBXProject "PMP" */ = {
			isa = XCConfigurationList;
			buildConfigurations = (
				491BA50C2128A81A0056CFD0 /* Debug */,
				491BA50D2128A81A0056CFD0 /* Release */,
			);
			defaultConfigurationIsVisible = 0;
			defaultConfigurationName = Release;
		};
		491BA50E2128A81A0056CFD0 /* Build configuration list for PBXNativeTarget "PMP" */ = {
			isa = XCConfigurationList;
			buildConfigurations = (
				491BA50F2128A81A0056CFD0 /* Debug */,
				491BA5102128A81A0056CFD0 /* Release */,
			);
			defaultConfigurationIsVisible = 0;
			defaultConfigurationName = Release;
		};
/* End XCConfigurationList section */
	};
	rootObject = 491BA4F42128A81A0056CFD0 /* Project object */;
}
